
Microsoft Visual Studio Solution File, Format Version 12.00
# Visual Studio Version 17
VisualStudioVersion = 17.11.35312.102
MinimumVisualStudioVersion = 10.0.40219.1
Project("{9A19103F-16F7-4668-BE54-9A1E7A4F7556}") = "CodingChallenge", "CodingChallenge\CodingChallenge.csproj", "{B0FADE08-E42D-409B-8724-52E0CF76E79B}"
EndProject
Project("{FAE04EC0-301F-11D3-BF4B-00C04F79EFBC}") = "CodingChallengeTests", "CodingChallengeTests\CodingChallengeTests.csproj", "{7AA5D06B-1756-4AC0-877D-7E32A84D6A12}"
EndProject
Global
	GlobalSection(SolutionConfigurationPlatforms) = preSolution
		Debug|Any CPU = Debug|Any CPU
		Release|Any CPU = Release|Any CPU
	EndGlobalSection
	GlobalSection(ProjectConfigurationPlatforms) = postSolution
		{B0FADE08-E42D-409B-8724-52E0CF76E79B}.Debug|Any CPU.ActiveCfg = Debug|Any CPU
		{B0FADE08-E42D-409B-8724-52E0CF76E79B}.Debug|Any CPU.Build.0 = Debug|Any CPU
		{B0FADE08-E42D-409B-8724-52E0CF76E79B}.Release|Any CPU.ActiveCfg = Release|Any CPU
		{B0FADE08-E42D-409B-8724-52E0CF76E79B}.Release|Any CPU.Build.0 = Release|Any CPU
		{7AA5D06B-1756-4AC0-877D-7E32A84D6A12}.Debug|Any CPU.ActiveCfg = Debug|Any CPU
		{7AA5D06B-1756-4AC0-877D-7E32A84D6A12}.Debug|Any CPU.Build.0 = Debug|Any CPU
		{7AA5D06B-1756-4AC0-877D-7E32A84D6A12}.Release|Any CPU.ActiveCfg = Release|Any CPU
		{7AA5D06B-1756-4AC0-877D-7E32A84D6A12}.Release|Any CPU.Build.0 = Release|Any CPU
	EndGlobalSection
	GlobalSection(SolutionProperties) = preSolution
		HideSolutionNode = FALSE
	EndGlobalSection
	GlobalSection(ExtensibilityGlobals) = postSolution
		SolutionGuid = {F33079A6-648A-4C01-98DA-69EDB15FA566}
	EndGlobalSection
EndGlobal
